{
  "name": "intro-to-serverless",
  "version": "1.0.0",
  "lockfileVersion": 1,
  "requires": true,
  "dependencies": {
    "agent-base": {
      "version": "6.0.2",
      "resolved": "https://registry.npmjs.org/agent-base/-/agent-base-6.0.2.tgz",
      "integrity": "sha512-RZNwNclF7+MS/8bDg70amg32dyeZGZxiDuQmZxKLAlQjr3jGyLx+4Kkk58UO7D2QdgFIQCovuSuZESne6RG6XQ==",
      "requires": {
        "debug": "4"
      }
    },
    "align-text": {
      "version": "0.1.4",
      "resolved": "https://registry.npmjs.org/align-text/-/align-text-0.1.4.tgz",
      "integrity": "sha1-DNkKVhCT810KmSVsIrcGlDP60Rc=",
      "requires": {
        "kind-of": "^3.0.2",
        "longest": "^1.0.1",
        "repeat-string": "^1.5.2"
      },
      "dependencies": {
        "kind-of": {
          "version": "3.2.2",
          "resolved": "https://registry.npmjs.org/kind-of/-/kind-of-3.2.2.tgz",
          "integrity": "sha1-MeohpzS6ubuw8yRm2JOupR5KPGQ=",
          "requires": {
            "is-buffer": "^1.1.5"
          }
        }
      }
    },
    "any": {
      "version": "1.0.0",
      "resolved": "https://registry.npmjs.org/any/-/any-1.0.0.tgz",
      "integrity": "sha1-Cns0jFifr2unCNSiJBBp6lFii14=",
      "requires": {
        "for-own": "^0.1.2",
        "make-iterator": "^0.1.0"
      },
      "dependencies": {
        "make-iterator": {
          "version": "0.1.1",
          "resolved": "https://registry.npmjs.org/make-iterator/-/make-iterator-0.1.1.tgz",
          "integrity": "sha1-hz0nuBmKRlqBSDtvXRbaToY+z1s=",
          "requires": {
            "for-own": "^0.1.1"
          }
        }
      }
    },
    "arr-diff": {
      "version": "1.1.0",
      "resolved": "https://registry.npmjs.org/arr-diff/-/arr-diff-1.1.0.tgz",
      "integrity": "sha1-aHwydYFjWI/vfeezb6vklesaOZo=",
      "requires": {
        "arr-flatten": "^1.0.1",
        "array-slice": "^0.2.3"
      }
    },
    "arr-flatten": {
      "version": "1.1.0",
      "resolved": "https://registry.npmjs.org/arr-flatten/-/arr-flatten-1.1.0.tgz",
      "integrity": "sha512-L3hKV5R/p5o81R7O02IGnwpDmkp6E982XhtbuwSe3O4qOtMMMtodicASA1Cny2U+aCXcNpml+m4dPsvsJ3jatg=="
    },
    "arr-map": {
      "version": "2.0.2",
      "resolved": "https://registry.npmjs.org/arr-map/-/arr-map-2.0.2.tgz",
      "integrity": "sha1-Onc0X/wc814qkYJWAfnljy4kysQ=",
      "requires": {
        "make-iterator": "^1.0.0"
      },
      "dependencies": {
        "kind-of": {
          "version": "6.0.3",
          "resolved": "https://registry.npmjs.org/kind-of/-/kind-of-6.0.3.tgz",
          "integrity": "sha512-dcS1ul+9tmeD95T+x28/ehLgd9mENa3LsvDTtzm3vyBEO7RPptvAD+t44WVXaUjTBRcrpFeFlC8WCruUR456hw=="
        },
        "make-iterator": {
          "version": "1.0.1",
          "resolved": "https://registry.npmjs.org/make-iterator/-/make-iterator-1.0.1.tgz",
          "integrity": "sha512-pxiuXh0iVEq7VM7KMIhs5gxsfxCux2URptUQaXo4iZZJxBAzTPOLE2BumO5dbfVYq/hBJFBR/a1mFDmOx5AGmw==",
          "requires": {
            "kind-of": "^6.0.2"
          }
        }
      }
    },
    "arr-union": {
      "version": "3.1.0",
      "resolved": "https://registry.npmjs.org/arr-union/-/arr-union-3.1.0.tgz",
      "integrity": "sha1-45sJrqne+Gao8gbiiK9jkZuuOcQ="
    },
    "array-each": {
      "version": "0.1.1",
      "resolved": "https://registry.npmjs.org/array-each/-/array-each-0.1.1.tgz",
      "integrity": "sha1-xdUrqCJfNtcoF4unrsQTrPrd0Pk="
    },
    "array-slice": {
      "version": "0.2.3",
      "resolved": "https://registry.npmjs.org/array-slice/-/array-slice-0.2.3.tgz",
      "integrity": "sha1-3Tz7gO15c6dRF82sabC5nshhhvU="
    },
    "array-unique": {
      "version": "0.2.1",
      "resolved": "https://registry.npmjs.org/array-unique/-/array-unique-0.2.1.tgz",
      "integrity": "sha1-odl8yvy8JiXMcPrc6zalDFiwGlM="
    },
    "asap": {
      "version": "2.0.6",
      "resolved": "https://registry.npmjs.org/asap/-/asap-2.0.6.tgz",
      "integrity": "sha1-5QNHYR1+aQlDIIu9r+vLwvuGbUY="
    },
    "axios": {
      "version": "0.21.1",
      "resolved": "https://registry.npmjs.org/axios/-/axios-0.21.1.tgz",
      "integrity": "sha512-dKQiRHxGD9PPRIUNIWvZhPTPpl1rf/OxTYKsqKUDjBwYylTvV7SjSHJb9ratfyzM6wCdLCOYLzs73qpg5c4iGA==",
      "requires": {
        "follow-redirects": "^1.10.0"
      }
    },
    "buffer-equal-constant-time": {
      "version": "1.0.1",
      "resolved": "https://registry.npmjs.org/buffer-equal-constant-time/-/buffer-equal-constant-time-1.0.1.tgz",
      "integrity": "sha1-+OcRMvf/5uAaXJaXpMbz5I1cyBk="
    },
    "call-bind": {
      "version": "1.0.2",
      "resolved": "https://registry.npmjs.org/call-bind/-/call-bind-1.0.2.tgz",
      "integrity": "sha512-7O+FbCihrB5WGbFYesctwmTKae6rOiIzmz1icreWJ+0aA7LJfuqhEso2T9ncpcFtzMQtzXf2QGGueWJGTYsqrA==",
      "requires": {
        "function-bind": "^1.1.1",
        "get-intrinsic": "^1.0.2"
      }
    },
    "center-align": {
      "version": "0.1.3",
      "resolved": "https://registry.npmjs.org/center-align/-/center-align-0.1.3.tgz",
      "integrity": "sha1-qg0yYptu6XIgBBHL1EYckHvCt60=",
      "requires": {
        "align-text": "^0.1.3",
        "lazy-cache": "^1.0.3"
      }
    },
    "connect": {
      "version": "1.9.2",
      "resolved": "https://registry.npmjs.org/connect/-/connect-1.9.2.tgz",
      "integrity": "sha1-QogKIulDiuWait105Df1iujlKAc=",
      "requires": {
        "formidable": "1.0.x",
        "mime": ">= 0.0.1",
        "qs": ">= 0.4.0"
      }
    },
    "daemon": {
      "version": "1.1.0",
      "resolved": "https://registry.npmjs.org/daemon/-/daemon-1.1.0.tgz",
      "integrity": "sha1-bFECyB2wvoVvyQCPwsk1s5iGSug="
    },
    "dayjs": {
      "version": "1.10.5",
      "resolved": "https://registry.npmjs.org/dayjs/-/dayjs-1.10.5.tgz",
      "integrity": "sha512-BUFis41ikLz+65iH6LHQCDm4YPMj5r1YFLdupPIyM4SGcXMmtiLQ7U37i+hGS8urIuqe7I/ou3IS1jVc4nbN4g=="
    },
    "debug": {
      "version": "4.3.2",
      "resolved": "https://registry.npmjs.org/debug/-/debug-4.3.2.tgz",
      "integrity": "sha512-mOp8wKcvj7XxC78zLgw/ZA+6TSgkoE2C/ienthhRD298T7UNwAg9diBpLRxC0mOezLl4B0xV7M0cCO6P/O0Xhw==",
      "requires": {
        "ms": "2.1.2"
      }
    },
    "ecdsa-sig-formatter": {
      "version": "1.0.11",
      "resolved": "https://registry.npmjs.org/ecdsa-sig-formatter/-/ecdsa-sig-formatter-1.0.11.tgz",
      "integrity": "sha512-nagl3RYrbNv6kQkeJIpt6NJZy8twLB/2vtz6yN9Z4vRKHN4/QZJIEbqohALSgwKdnksuY3k5Addp5lg8sVoVcQ==",
      "requires": {
        "safe-buffer": "^5.0.1"
      }
    },
    "ejs": {
      "version": "0.6.1",
      "resolved": "https://registry.npmjs.org/ejs/-/ejs-0.6.1.tgz",
      "integrity": "sha1-FszJju6sFmmCkn+mfrP8qIZfaHE="
    },
    "export-dirs": {
      "version": "0.2.4",
      "resolved": "https://registry.npmjs.org/export-dirs/-/export-dirs-0.2.4.tgz",
      "integrity": "sha1-Lha5tG68LAestlfM3744RTk/50I="
    },
    "export-files": {
      "version": "2.1.1",
      "resolved": "https://registry.npmjs.org/export-files/-/export-files-2.1.1.tgz",
      "integrity": "sha1-u/ZFdAU6CeTrmOX0NQHVcrLDzn8=",
      "requires": {
        "lazy-cache": "^1.0.3"
      }
    },
    "express": {
      "version": "2.5.8",
      "resolved": "https://registry.npmjs.org/express/-/express-2.5.8.tgz",
      "integrity": "sha1-8Wa1XU6MbSMH74itF2gglhP3RSo=",
      "requires": {
        "connect": "1.x",
        "mime": "1.2.4",
        "mkdirp": "0.3.0",
        "qs": "0.4.x"
      },
      "dependencies": {
        "mkdirp": {
          "version": "0.3.0",
          "resolved": "https://registry.npmjs.org/mkdirp/-/mkdirp-0.3.0.tgz",
          "integrity": "sha1-G79asbqCevI1dRQ0kEJkVfSB/h4="
        },
        "qs": {
          "version": "0.4.2",
          "resolved": "https://registry.npmjs.org/qs/-/qs-0.4.2.tgz",
          "integrity": "sha1-PKxMhh43GoycR3CsI82o3mObjl8="
        }
      }
    },
    "extension": {
      "version": "git://github.com/nearinfinity/node-extension.git#b4c092c6acb63ab112a4cbbe065441b31956cf20",
      "from": "git://github.com/nearinfinity/node-extension.git"
    },
    "follow-redirects": {
      "version": "1.14.1",
      "resolved": "https://registry.npmjs.org/follow-redirects/-/follow-redirects-1.14.1.tgz",
      "integrity": "sha512-HWqDgT7ZEkqRzBvc2s64vSZ/hfOceEol3ac/7tKwzuvEyWx3/4UegXh5oBOIotkGsObyk3xznnSRVADBgWSQVg=="
    },
    "for-in": {
      "version": "0.1.8",
      "resolved": "https://registry.npmjs.org/for-in/-/for-in-0.1.8.tgz",
      "integrity": "sha1-2Hc5COMSVhCZUrH9ubP6hn0ndeE="
    },
    "for-own": {
      "version": "0.1.5",
      "resolved": "https://registry.npmjs.org/for-own/-/for-own-0.1.5.tgz",
      "integrity": "sha1-UmXGgaTylNq78XyVCbZ2OqhFEM4=",
      "requires": {
        "for-in": "^1.0.1"
      },
      "dependencies": {
        "for-in": {
          "version": "1.0.2",
          "resolved": "https://registry.npmjs.org/for-in/-/for-in-1.0.2.tgz",
          "integrity": "sha1-gQaNKVqBQuwKxybG4iAMMPttXoA="
        }
      }
    },
    "formidable": {
      "version": "1.0.16",
      "resolved": "https://registry.npmjs.org/formidable/-/formidable-1.0.16.tgz",
      "integrity": "sha1-SRbP38TL7QILJXpqlQWpqzjCzQ4="
    },
    "function-bind": {
      "version": "1.1.1",
      "resolved": "https://registry.npmjs.org/function-bind/-/function-bind-1.1.1.tgz",
      "integrity": "sha512-yIovAzMX49sF8Yl58fSCWJ5svSLuaibPxXQJFLmBObTuCr0Mf1KiPopGM9NiFjiYBCbfaa2Fh6breQ6ANVTI0A=="
    },
    "get-intrinsic": {
      "version": "1.1.1",
      "resolved": "https://registry.npmjs.org/get-intrinsic/-/get-intrinsic-1.1.1.tgz",
      "integrity": "sha512-kWZrnVM42QCiEA2Ig1bG8zjoIMOgxWwYCEeNdwY6Tv/cOSeGpcoX4pXHfKUxNKVoArnrEr2e9srnAxxGIraS9Q==",
      "requires": {
        "function-bind": "^1.1.1",
        "has": "^1.0.3",
        "has-symbols": "^1.0.1"
      }
    },
    "has": {
      "version": "1.0.3",
      "resolved": "https://registry.npmjs.org/has/-/has-1.0.3.tgz",
      "integrity": "sha512-f2dvO0VU6Oej7RkWJGrehjbzMAjFp5/VKPp5tTpWIV4JHHZK1/BxbFRtf/siA2SWTe09caDmVtYYzWEIbBS4zw==",
      "requires": {
        "function-bind": "^1.1.1"
      }
    },
    "has-symbols": {
      "version": "1.0.2",
      "resolved": "https://registry.npmjs.org/has-symbols/-/has-symbols-1.0.2.tgz",
      "integrity": "sha512-chXa79rL/UC2KlX17jo3vRGz0azaWEx5tGqZg5pO3NUyEJVB17dMruQlzCCOfUvElghKcm5194+BCRvi2Rv/Gw=="
    },
    "has-values": {
      "version": "0.1.4",
      "resolved": "https://registry.npmjs.org/has-values/-/has-values-0.1.4.tgz",
      "integrity": "sha1-bWHeldkd/Km5oCCJrThL/49it3E="
    },
    "https-proxy-agent": {
      "version": "5.0.0",
      "resolved": "https://registry.npmjs.org/https-proxy-agent/-/https-proxy-agent-5.0.0.tgz",
      "integrity": "sha512-EkYm5BcKUGiduxzSt3Eppko+PiNWNEpa4ySk9vTC6wDsQJW9rHSa+UhGNJoRYp7bz6Ht1eaRIa6QaJqO5rCFbA==",
      "requires": {
        "agent-base": "6",
        "debug": "4"
      }
    },
    "inflection": {
      "version": "1.1.1",
      "resolved": "https://registry.npmjs.org/inflection/-/inflection-1.1.1.tgz",
      "integrity": "sha1-Xj1H0FrCpxQpDSjy+8GwrWcHa3U="
    },
    "init": {
      "version": "0.1.2",
      "resolved": "https://registry.npmjs.org/init/-/init-0.1.2.tgz",
      "integrity": "sha1-mIKsFScHvMun/iIHyN+AUIdcFQQ=",
      "requires": {
        "daemon": ">=0.3.0"
      }
    },
    "is-buffer": {
      "version": "1.1.6",
      "resolved": "https://registry.npmjs.org/is-buffer/-/is-buffer-1.1.6.tgz",
      "integrity": "sha512-NcdALwpXkTm5Zvvbk7owOUSvVvBKDgKP5/ewfXEznmQFfs4ZRmanOeKBTjRVjka3QFoN6XJ+9F3USqfHqTaU5w=="
    },
    "is-extendable": {
      "version": "0.1.1",
      "resolved": "https://registry.npmjs.org/is-extendable/-/is-extendable-0.1.1.tgz",
      "integrity": "sha1-YrEQ4omkcUGOPsNqYX1HLjAd/Ik="
    },
    "is-number": {
      "version": "2.1.0",
      "resolved": "https://registry.npmjs.org/is-number/-/is-number-2.1.0.tgz",
      "integrity": "sha1-Afy7s5NGOlSPL0ZszhbezknbkI8=",
      "requires": {
        "kind-of": "^3.0.2"
      },
      "dependencies": {
        "kind-of": {
          "version": "3.2.2",
          "resolved": "https://registry.npmjs.org/kind-of/-/kind-of-3.2.2.tgz",
          "integrity": "sha1-MeohpzS6ubuw8yRm2JOupR5KPGQ=",
          "requires": {
            "is-buffer": "^1.1.5"
          }
        }
      }
    },
    "is-plain-object": {
      "version": "2.0.4",
      "resolved": "https://registry.npmjs.org/is-plain-object/-/is-plain-object-2.0.4.tgz",
      "integrity": "sha512-h5PpgXkWitc38BBMYawTYMWJHFZJVnBquFE57xFpjB8pJFiF6gZ+bU+WyI/yqXiFR5mdLsgYNaPe8uao6Uv9Og==",
      "requires": {
        "isobject": "^3.0.1"
      }
    },
    "isobject": {
      "version": "3.0.1",
      "resolved": "https://registry.npmjs.org/isobject/-/isobject-3.0.1.tgz",
      "integrity": "sha1-TkMekrEalzFjaqH5yNHMvP2reN8="
    },
    "jsonwebtoken": {
      "version": "8.5.1",
      "resolved": "https://registry.npmjs.org/jsonwebtoken/-/jsonwebtoken-8.5.1.tgz",
      "integrity": "sha512-XjwVfRS6jTMsqYs0EsuJ4LGxXV14zQybNd4L2r0UvbVnSF9Af8x7p5MzbJ90Ioz/9TI41/hTCvznF/loiSzn8w==",
      "requires": {
        "jws": "^3.2.2",
        "lodash.includes": "^4.3.0",
        "lodash.isboolean": "^3.0.3",
        "lodash.isinteger": "^4.0.4",
        "lodash.isnumber": "^3.0.3",
        "lodash.isplainobject": "^4.0.6",
        "lodash.isstring": "^4.0.1",
        "lodash.once": "^4.0.0",
        "ms": "^2.1.1",
        "semver": "^5.6.0"
      }
    },
    "jwa": {
      "version": "1.4.1",
      "resolved": "https://registry.npmjs.org/jwa/-/jwa-1.4.1.tgz",
      "integrity": "sha512-qiLX/xhEEFKUAJ6FiBMbes3w9ATzyk5W7Hvzpa/SLYdxNtng+gcurvrI7TbACjIXlsJyr05/S1oUhZrc63evQA==",
      "requires": {
        "buffer-equal-constant-time": "1.0.1",
        "ecdsa-sig-formatter": "1.0.11",
        "safe-buffer": "^5.0.1"
      }
    },
    "jws": {
      "version": "3.2.2",
      "resolved": "https://registry.npmjs.org/jws/-/jws-3.2.2.tgz",
      "integrity": "sha512-YHlZCB6lMTllWDtSPHz/ZXTsi8S00usEV6v1tjq8tOUZzw7DpSDWVXjXDre6ed1w/pd495ODpHZYSdkRTsa0HA==",
      "requires": {
        "jwa": "^1.4.1",
        "safe-buffer": "^5.0.1"
      }
    },
    "kind-of": {
      "version": "2.0.1",
      "resolved": "https://registry.npmjs.org/kind-of/-/kind-of-2.0.1.tgz",
      "integrity": "sha1-AY7HpM5+OobLkUG+UZ0kyPqpgbU=",
      "requires": {
        "is-buffer": "^1.0.2"
      }
    },
    "lazy-cache": {
      "version": "1.0.4",
      "resolved": "https://registry.npmjs.org/lazy-cache/-/lazy-cache-1.0.4.tgz",
      "integrity": "sha1-odePw6UEdMuAhF07O24dpJpEbo4="
    },
    "lodash": {
      "version": "4.17.21",
      "resolved": "https://registry.npmjs.org/lodash/-/lodash-4.17.21.tgz",
      "integrity": "sha512-v2kDEe57lecTulaDIuNTPy3Ry4gLGJ6Z1O3vE1krgXZNrsQ+LFTGHVxVjcXPs17LhbZVGedAJv8XZ1tvj5FvSg=="
    },
    "lodash.includes": {
      "version": "4.3.0",
      "resolved": "https://registry.npmjs.org/lodash.includes/-/lodash.includes-4.3.0.tgz",
      "integrity": "sha1-YLuYqHy5I8aMoeUTJUgzFISfVT8="
    },
    "lodash.isboolean": {
      "version": "3.0.3",
      "resolved": "https://registry.npmjs.org/lodash.isboolean/-/lodash.isboolean-3.0.3.tgz",
      "integrity": "sha1-bC4XHbKiV82WgC/UOwGyDV9YcPY="
    },
    "lodash.isinteger": {
      "version": "4.0.4",
      "resolved": "https://registry.npmjs.org/lodash.isinteger/-/lodash.isinteger-4.0.4.tgz",
      "integrity": "sha1-YZwK89A/iwTDH1iChAt3sRzWg0M="
    },
    "lodash.isnumber": {
      "version": "3.0.3",
      "resolved": "https://registry.npmjs.org/lodash.isnumber/-/lodash.isnumber-3.0.3.tgz",
      "integrity": "sha1-POdoEMWSjQM1IwGsKHMX8RwLH/w="
    },
    "lodash.isplainobject": {
      "version": "4.0.6",
      "resolved": "https://registry.npmjs.org/lodash.isplainobject/-/lodash.isplainobject-4.0.6.tgz",
      "integrity": "sha1-fFJqUtibRcRcxpC4gWO+BJf1UMs="
    },
    "lodash.isstring": {
      "version": "4.0.1",
      "resolved": "https://registry.npmjs.org/lodash.isstring/-/lodash.isstring-4.0.1.tgz",
      "integrity": "sha1-1SfftUVuynzJu5XV2ur4i6VKVFE="
    },
    "lodash.once": {
      "version": "4.1.1",
      "resolved": "https://registry.npmjs.org/lodash.once/-/lodash.once-4.1.1.tgz",
      "integrity": "sha1-DdOXEhPHxW34gJd9UEyI+0cal6w="
    },
    "longest": {
      "version": "1.0.1",
      "resolved": "https://registry.npmjs.org/longest/-/longest-1.0.1.tgz",
      "integrity": "sha1-MKCy2jj3N3DoKUoNIuZiXtd9AJc="
    },
    "lru-cache": {
      "version": "2.7.3",
      "resolved": "https://registry.npmjs.org/lru-cache/-/lru-cache-2.7.3.tgz",
      "integrity": "sha1-bUUk6LlV+V1PW1iFHOId1y+06VI="
    },
    "make-iterator": {
      "version": "0.2.1",
      "resolved": "https://registry.npmjs.org/make-iterator/-/make-iterator-0.2.1.tgz",
      "integrity": "sha1-oZxmATK1SubWT4gewUBWx0bb6XI=",
      "requires": {
        "kind-of": "^3.0.3"
      },
      "dependencies": {
        "kind-of": {
          "version": "3.2.2",
          "resolved": "https://registry.npmjs.org/kind-of/-/kind-of-3.2.2.tgz",
          "integrity": "sha1-MeohpzS6ubuw8yRm2JOupR5KPGQ=",
          "requires": {
            "is-buffer": "^1.1.5"
          }
        }
      }
    },
    "mime": {
      "version": "1.2.4",
      "resolved": "https://registry.npmjs.org/mime/-/mime-1.2.4.tgz",
      "integrity": "sha1-EbX9rynCUJJVF2uArVIClPXekrc="
    },
    "ms": {
      "version": "2.1.2",
      "resolved": "https://registry.npmjs.org/ms/-/ms-2.1.2.tgz",
      "integrity": "sha512-sGkPx+VjMtmA6MX27oA4FBFELFCZZ4S4XqeGOXCv68tT+jb3vk/RyaKWP0PTKyWtmLSM0b+adUTEvbs1PEaH2w=="
    },
    "nit": {
      "version": "0.0.5",
      "resolved": "https://registry.npmjs.org/nit/-/nit-0.0.5.tgz",
      "integrity": "sha1-pMTM0RJ8rxcLUvWoyg6OPng9xuU=",
      "requires": {
        "async": "0.1.18",
        "commander": "0.5.2",
        "ejs": "0.6.1",
        "express": "2.5.8",
        "extension": "git://github.com/nearinfinity/node-extension.git",
        "glob": "3.1.9",
        "inflection": "1.1.1",
        "mkdirp": "0.3.0",
        "sf": "git://github.com/nearinfinity/node-sf.git"
      },
      "dependencies": {
        "async": {
          "version": "0.1.18",
          "resolved": "https://registry.npmjs.org/async/-/async-0.1.18.tgz",
          "integrity": "sha1-xZySOSC3bVvyMkjARDOSDE1FCGo="
        },
        "commander": {
          "version": "0.5.2",
          "resolved": "https://registry.npmjs.org/commander/-/commander-0.5.2.tgz",
          "integrity": "sha1-8nAyZwmhFaEmz+1WI4UkObjko7U="
        },
        "glob": {
          "version": "3.1.9",
          "resolved": "https://registry.npmjs.org/glob/-/glob-3.1.9.tgz",
          "integrity": "sha1-4rkAPUa2t1MbPXs7i9b3dBOMCy0=",
          "requires": {
            "graceful-fs": "~1.1.2",
            "inherits": "1",
            "minimatch": "0.2"
          }
        },
        "graceful-fs": {
          "version": "1.1.14",
          "resolved": "https://registry.npmjs.org/graceful-fs/-/graceful-fs-1.1.14.tgz",
          "integrity": "sha1-BweNtfY3f2Mh/Oqu30l94STclGU="
        },
        "inherits": {
          "version": "1.0.2",
          "resolved": "https://registry.npmjs.org/inherits/-/inherits-1.0.2.tgz",
          "integrity": "sha1-ykMJ2t7mtUzAuNJH6NfHoJdb3Js="
        },
        "minimatch": {
          "version": "0.2.14",
          "resolved": "https://registry.npmjs.org/minimatch/-/minimatch-0.2.14.tgz",
          "integrity": "sha1-x054BXT2PG+aCQ6Q775u9TpqdWo=",
          "requires": {
            "lru-cache": "2",
            "sigmund": "~1.0.0"
          }
        },
        "mkdirp": {
          "version": "0.3.0",
          "resolved": "https://registry.npmjs.org/mkdirp/-/mkdirp-0.3.0.tgz",
          "integrity": "sha1-G79asbqCevI1dRQ0kEJkVfSB/h4="
        }
      }
    },
    "node-fetch": {
      "version": "2.6.1",
      "resolved": "https://registry.npmjs.org/node-fetch/-/node-fetch-2.6.1.tgz",
      "integrity": "sha512-V4aYg89jEoVRxRb2fJdAg8FHvI7cEyYdVAh94HH0UIK8oJxUfkjlDQN9RbMx+bEjP7+ggMiFRprSti032Oipxw=="
    },
    "object-inspect": {
      "version": "1.10.3",
      "resolved": "https://registry.npmjs.org/object-inspect/-/object-inspect-1.10.3.tgz",
      "integrity": "sha512-e5mCJlSH7poANfC8z8S9s9S2IN5/4Zb3aZ33f5s8YqoazCFzNLloLU8r5VCG+G7WoqLvAAZoVMcy3tp/3X0Plw=="
    },
    "object.defaults": {
      "version": "0.3.0",
      "resolved": "https://registry.npmjs.org/object.defaults/-/object.defaults-0.3.0.tgz",
      "integrity": "sha1-seucvHjEx71WysbK496tWnETiCo=",
      "requires": {
        "array-each": "^0.1.0",
        "array-slice": "^0.2.3",
        "for-own": "^0.1.3",
        "isobject": "^1.0.0"
      },
      "dependencies": {
        "isobject": {
          "version": "1.0.2",
          "resolved": "https://registry.npmjs.org/isobject/-/isobject-1.0.2.tgz",
          "integrity": "sha1-8Pm4zpLdVA+gdAiC44NaLgIux4o="
        }
      }
    },
    "object.filter": {
      "version": "0.3.0",
      "resolved": "https://registry.npmjs.org/object.filter/-/object.filter-0.3.0.tgz",
      "integrity": "sha1-EJHGk5S0T5bZ1jVt0IeFAorWv/k=",
      "requires": {
        "for-own": "^0.1.2",
        "make-iterator": "^0.1.0"
      },
      "dependencies": {
        "make-iterator": {
          "version": "0.1.1",
          "resolved": "https://registry.npmjs.org/make-iterator/-/make-iterator-0.1.1.tgz",
          "integrity": "sha1-hz0nuBmKRlqBSDtvXRbaToY+z1s=",
          "requires": {
            "for-own": "^0.1.1"
          }
        }
      }
    },
    "object.omit": {
      "version": "2.0.1",
      "resolved": "https://registry.npmjs.org/object.omit/-/object.omit-2.0.1.tgz",
      "integrity": "sha1-Gpx0SCnznbuFjHbKNXmuKlTr0fo=",
      "requires": {
        "for-own": "^0.1.4",
        "is-extendable": "^0.1.1"
      }
    },
    "object.pick": {
      "version": "1.3.0",
      "resolved": "https://registry.npmjs.org/object.pick/-/object.pick-1.3.0.tgz",
      "integrity": "sha1-h6EKxMFpS9Lhy/U1kaZhQftd10c=",
      "requires": {
        "isobject": "^3.0.1"
      }
    },
    "object.reduce": {
      "version": "0.1.7",
      "resolved": "https://registry.npmjs.org/object.reduce/-/object.reduce-0.1.7.tgz",
      "integrity": "sha1-0YDoT3LSGDSK9FNStVFlJGuVBG0=",
      "requires": {
        "for-own": "^0.1.3"
      }
    },
    "parse-multipart": {
      "version": "1.0.4",
      "resolved": "https://registry.npmjs.org/parse-multipart/-/parse-multipart-1.0.4.tgz",
      "integrity": "sha1-dnuHiLJIe4e4OhlhXNa6eKjRRJI="
    },
    "pop-iterate": {
      "version": "1.0.1",
      "resolved": "https://registry.npmjs.org/pop-iterate/-/pop-iterate-1.0.1.tgz",
      "integrity": "sha1-zqz9q0q/NT16DyqqLB/Hs/lBO6M="
    },
    "q": {
      "version": "2.0.3",
      "resolved": "https://registry.npmjs.org/q/-/q-2.0.3.tgz",
      "integrity": "sha1-dbjbAlWhpa+C9Yw/Oqoe/sfQ0TQ=",
      "requires": {
        "asap": "^2.0.0",
        "pop-iterate": "^1.0.1",
        "weak-map": "^1.0.5"
      }
    },
    "qs": {
      "version": "6.5.2",
      "resolved": "https://registry.npmjs.org/qs/-/qs-6.5.2.tgz",
      "integrity": "sha512-N5ZAX4/LxJmF+7wN74pUD6qAh9/wnvdQcjq9TZjevvXzSUo7bfmw91saqMjzGS2xq91/odN2dW/WOl7qQHNDGA=="
    },
    "querystring": {
      "version": "0.2.1",
      "resolved": "https://registry.npmjs.org/querystring/-/querystring-0.2.1.tgz",
      "integrity": "sha512-wkvS7mL/JMugcup3/rMitHmd9ecIGd2lhFhK9N3UUQ450h66d1r3Y9nvXzQAW1Lq+wyx61k/1pfKS5KuKiyEbg=="
    },
    "querystringify": {
      "version": "2.2.0",
      "resolved": "https://registry.npmjs.org/querystringify/-/querystringify-2.2.0.tgz",
      "integrity": "sha512-FIqgj2EUvTa7R50u0rGsyTftzjYmv/a3hO345bZNrqabNqjtgiDMgmo4mkUjd+nzU5oF3dClKqFIPUKybUyqoQ=="
    },
    "repeat-string": {
      "version": "1.6.1",
      "resolved": "https://registry.npmjs.org/repeat-string/-/repeat-string-1.6.1.tgz",
      "integrity": "sha1-jcrkcOHIirwtYA//Sndihtp15jc="
    },
    "requires-port": {
      "version": "1.0.0",
      "resolved": "https://registry.npmjs.org/requires-port/-/requires-port-1.0.0.tgz",
      "integrity": "sha1-kl0mAdOaxIXgkc8NpcbmlNw9yv8="
    },
    "right-align": {
      "version": "0.1.3",
      "resolved": "https://registry.npmjs.org/right-align/-/right-align-0.1.3.tgz",
      "integrity": "sha1-YTObci/mo1FWiSENJOFMlhSGE+8=",
      "requires": {
        "align-text": "^0.1.1"
      }
    },
    "rootpath": {
      "version": "0.1.2",
      "resolved": "https://registry.npmjs.org/rootpath/-/rootpath-0.1.2.tgz",
      "integrity": "sha1-Wzeah9ypBum5HWkKWZQ5vvJn6ms="
    },
    "safe-buffer": {
      "version": "5.2.1",
      "resolved": "https://registry.npmjs.org/safe-buffer/-/safe-buffer-5.2.1.tgz",
      "integrity": "sha512-rp3So07KcdmmKbGvgaNxQSJr7bGVSVk5S9Eq1F+ppbRo70+YeaDxkw5Dd8NPN+GD6bjnYm2VuPuCXmpuYvmCXQ=="
    },
    "scmp": {
      "version": "2.1.0",
      "resolved": "https://registry.npmjs.org/scmp/-/scmp-2.1.0.tgz",
      "integrity": "sha512-o/mRQGk9Rcer/jEEw/yw4mwo3EU/NvYvp577/Btqrym9Qy5/MdWGBqipbALgd2lrdWTJ5/gqDusxfnQBxOxT2Q=="
    },
    "semver": {
      "version": "5.7.1",
      "resolved": "https://registry.npmjs.org/semver/-/semver-5.7.1.tgz",
      "integrity": "sha512-sauaDf/PZdVgrLTNYHRtpXa1iRiKcaebiKQ1BJdpQlWH2lCvexQdX55snPFyK7QzpudqbCI0qXFfOasHdyNDGQ=="
    },
    "sf": {
      "version": "git://github.com/nearinfinity/node-sf.git#4aed23afb93f7cd8c1fa210c8ae2e9d6d2194f7d",
      "from": "git://github.com/nearinfinity/node-sf.git",
      "requires": {
        "utils": "^0.3.1"
      }
    },
    "side-channel": {
      "version": "1.0.4",
      "resolved": "https://registry.npmjs.org/side-channel/-/side-channel-1.0.4.tgz",
      "integrity": "sha512-q5XPytqFEIKHkGdiMIrY10mvLRvnQh42/+GoBlFW3b2LXLE2xxJpZFdm94we0BaoV3RwJyGqg5wS7epxTv0Zvw==",
      "requires": {
        "call-bind": "^1.0.0",
        "get-intrinsic": "^1.0.2",
        "object-inspect": "^1.9.0"
      }
    },
    "sigmund": {
      "version": "1.0.1",
      "resolved": "https://registry.npmjs.org/sigmund/-/sigmund-1.0.1.tgz",
      "integrity": "sha1-P/IfGYytIXX587eBhT/ZTQ0ZtZA="
    },
    "striptags": {
      "version": "2.2.1",
      "resolved": "https://registry.npmjs.org/striptags/-/striptags-2.2.1.tgz",
      "integrity": "sha1-TEULcI1BuL85zyTEn/I0/Gqr/TI="
    },
    "twilio": {
      "version": "3.65.0",
      "resolved": "https://registry.npmjs.org/twilio/-/twilio-3.65.0.tgz",
      "integrity": "sha512-NCktK8H5JqFvIOJjKmxheNHsGFBQh0dhVJYCASpVLPw1/XvurwhpCFIyvufr+jmHPdMwu2UMpq6ERDC7Ya6qVg==",
      "requires": {
        "axios": "^0.21.1",
        "dayjs": "^1.8.29",
        "https-proxy-agent": "^5.0.0",
        "jsonwebtoken": "^8.5.1",
        "lodash": "^4.17.21",
        "q": "2.0.x",
        "qs": "^6.9.4",
        "rootpath": "^0.1.2",
        "scmp": "^2.1.0",
        "url-parse": "^1.5.0",
        "xmlbuilder": "^13.0.2"
      },
      "dependencies": {
        "qs": {
          "version": "6.10.1",
          "resolved": "https://registry.npmjs.org/qs/-/qs-6.10.1.tgz",
          "integrity": "sha512-M528Hph6wsSVOBiYUnGf+K/7w0hNshs/duGsNXPUCLH5XAqjEtiPGwNONLV0tBH8NoGb0mvD5JubnUTrujKDTg==",
          "requires": {
            "side-channel": "^1.0.4"
          }
        }
      }
    },
    "url-parse": {
      "version": "1.5.1",
      "resolved": "https://registry.npmjs.org/url-parse/-/url-parse-1.5.1.tgz",
      "integrity": "sha512-HOfCOUJt7iSYzEx/UqgtwKRMC6EU91NFhsCHMv9oM03VJcVo2Qrp8T8kI9D7amFf1cu+/3CEhgb3rF9zL7k85Q==",
      "requires": {
        "querystringify": "^2.1.1",
        "requires-port": "^1.0.0"
      }
    },
    "utils": {
      "version": "0.3.1",
      "resolved": "https://registry.npmjs.org/utils/-/utils-0.3.1.tgz",
      "integrity": "sha1-BO+utCkKZwN6TN39L/VhRMw6RYE=",
      "requires": {
        "any": "^1.0.0",
        "arr-diff": "^1.1.0",
        "arr-flatten": "^1.0.1",
        "arr-map": "^2.0.0",
        "arr-union": "^3.0.0",
        "array-each": "^0.1.1",
        "array-slice": "^0.2.3",
        "array-unique": "^0.2.1",
        "center-align": "^0.1.1",
        "export-dirs": "^0.2.4",
        "export-files": "^2.1.0",
        "for-in": "^0.1.4",
        "for-own": "^0.1.3",
        "has-values": "^0.1.3",
        "is-number": "^2.0.2",
        "is-plain-object": "^2.0.1",
        "kind-of": "^2.0.1",
        "make-iterator": "^0.2.0",
        "object.defaults": "^0.3.0",
        "object.filter": "^0.3.0",
        "object.omit": "^2.0.0",
        "object.pick": "^1.1.1",
        "object.reduce": "^0.1.7",
        "right-align": "^0.1.3",
        "striptags": "^2.0.3",
        "word-wrap": "^1.1.0"
      }
    },
    "weak-map": {
      "version": "1.0.5",
      "resolved": "https://registry.npmjs.org/weak-map/-/weak-map-1.0.5.tgz",
      "integrity": "sha1-eWkVhNmGB/UHC9O3CkDmuyLkAes="
    },
    "word-wrap": {
      "version": "1.2.3",
      "resolved": "https://registry.npmjs.org/word-wrap/-/word-wrap-1.2.3.tgz",
      "integrity": "sha512-Hz/mrNwitNRh/HUAtM/VT/5VH+ygD6DV7mYKZAtHOrbs8U7lvPS6xf7EJKMF0uW1KJCl0H701g3ZGus+muE5vQ=="
    },
    "xmlbuilder": {
      "version": "13.0.2",
      "resolved": "https://registry.npmjs.org/xmlbuilder/-/xmlbuilder-13.0.2.tgz",
      "integrity": "sha512-Eux0i2QdDYKbdbA6AM6xE4m6ZTZr4G4xF9kahI2ukSEMCzwce2eX9WlTI5J3s+NU7hpasFsr8hWIONae7LluAQ=="
    }
  }
}
